// !$*UTF8*$!
{
	archiveVersion = 1;
	classes = {
	};
	objectVersion = 50;
	objects = {

/* Begin PBXBuildFile section */
		185376A524C8F91800FC2FBE /* HttpURLRequestBuilder.swift in Sources */ = {isa = PBXBuildFile; fileRef = 1853769F24C8F91800FC2FBE /* HttpURLRequestBuilder.swift */; };
		185376A624C8F91800FC2FBE /* AlamofireHttpEngine.swift in Sources */ = {isa = PBXBuildFile; fileRef = 185376A024C8F91800FC2FBE /* AlamofireHttpEngine.swift */; };
		185376A724C8F91800FC2FBE /* HttpEngineConfiguration.swift in Sources */ = {isa = PBXBuildFile; fileRef = 185376A124C8F91800FC2FBE /* HttpEngineConfiguration.swift */; };
		185376A824C8F91800FC2FBE /* HttpService.swift in Sources */ = {isa = PBXBuildFile; fileRef = 185376A224C8F91800FC2FBE /* HttpService.swift */; };
		185376A924C8F91800FC2FBE /* AlamofireHttpRequestBuilder.swift in Sources */ = {isa = PBXBuildFile; fileRef = 185376A324C8F91800FC2FBE /* AlamofireHttpRequestBuilder.swift */; };
		185376AA24C8F91800FC2FBE /* MultipartFormData+Item.swift in Sources */ = {isa = PBXBuildFile; fileRef = 185376A424C8F91800FC2FBE /* MultipartFormData+Item.swift */; };
		187F797F24A5872500CFFB54 /* HttpEngineCore.framework in Frameworks */ = {isa = PBXBuildFile; fileRef = 187F797A24A5872500CFFB54 /* HttpEngineCore.framework */; };
		187F798124A5872500CFFB54 /* Alamofire.framework in Frameworks */ = {isa = PBXBuildFile; fileRef = 187F797B24A5872500CFFB54 /* Alamofire.framework */; };
		187F798324A5872500CFFB54 /* Hydra.framework in Frameworks */ = {isa = PBXBuildFile; fileRef = 187F797C24A5872500CFFB54 /* Hydra.framework */; };
		187F798724A5872500CFFB54 /* Cadmus.framework in Frameworks */ = {isa = PBXBuildFile; fileRef = 187F797E24A5872500CFFB54 /* Cadmus.framework */; };
		187F79AF24A5875000CFFB54 /* Alamofire.framework in Frameworks */ = {isa = PBXBuildFile; fileRef = 187F79AA24A5875000CFFB54 /* Alamofire.framework */; };
		187F79B124A5875000CFFB54 /* Cadmus.framework in Frameworks */ = {isa = PBXBuildFile; fileRef = 187F79AB24A5875000CFFB54 /* Cadmus.framework */; };
		187F79B524A5875000CFFB54 /* Hydra.framework in Frameworks */ = {isa = PBXBuildFile; fileRef = 187F79AD24A5875000CFFB54 /* Hydra.framework */; };
		187F79B724A5875000CFFB54 /* HttpEngineCore.framework in Frameworks */ = {isa = PBXBuildFile; fileRef = 187F79AE24A5875000CFFB54 /* HttpEngineCore.framework */; };
		188A299F24C8FB3800F2CC2B /* AlamofireHttpEngine.swift in Sources */ = {isa = PBXBuildFile; fileRef = 185376A024C8F91800FC2FBE /* AlamofireHttpEngine.swift */; };
		188A29A024C8FB3800F2CC2B /* AlamofireHttpRequestBuilder.swift in Sources */ = {isa = PBXBuildFile; fileRef = 185376A324C8F91800FC2FBE /* AlamofireHttpRequestBuilder.swift */; };
		188A29A124C8FB3800F2CC2B /* HttpEngineConfiguration.swift in Sources */ = {isa = PBXBuildFile; fileRef = 185376A124C8F91800FC2FBE /* HttpEngineConfiguration.swift */; };
		188A29A224C8FB3800F2CC2B /* HttpService.swift in Sources */ = {isa = PBXBuildFile; fileRef = 185376A224C8F91800FC2FBE /* HttpService.swift */; };
		188A29A324C8FB3800F2CC2B /* HttpURLRequestBuilder.swift in Sources */ = {isa = PBXBuildFile; fileRef = 1853769F24C8F91800FC2FBE /* HttpURLRequestBuilder.swift */; };
		188A29A424C8FB3800F2CC2B /* MultipartFormData+Item.swift in Sources */ = {isa = PBXBuildFile; fileRef = 185376A424C8F91800FC2FBE /* MultipartFormData+Item.swift */; };
		18B0A41C2381F9BE00BC0614 /* README.md in Resources */ = {isa = PBXBuildFile; fileRef = 18B0A41A2381F9BE00BC0614 /* README.md */; };
/* End PBXBuildFile section */

/* Begin PBXFileReference section */
		1853769F24C8F91800FC2FBE /* HttpURLRequestBuilder.swift */ = {isa = PBXFileReference; fileEncoding = 4; lastKnownFileType = sourcecode.swift; path = HttpURLRequestBuilder.swift; sourceTree = "<group>"; };
		185376A024C8F91800FC2FBE /* AlamofireHttpEngine.swift */ = {isa = PBXFileReference; fileEncoding = 4; lastKnownFileType = sourcecode.swift; path = AlamofireHttpEngine.swift; sourceTree = "<group>"; };
		185376A124C8F91800FC2FBE /* HttpEngineConfiguration.swift */ = {isa = PBXFileReference; fileEncoding = 4; lastKnownFileType = sourcecode.swift; path = HttpEngineConfiguration.swift; sourceTree = "<group>"; };
		185376A224C8F91800FC2FBE /* HttpService.swift */ = {isa = PBXFileReference; fileEncoding = 4; lastKnownFileType = sourcecode.swift; path = HttpService.swift; sourceTree = "<group>"; };
		185376A324C8F91800FC2FBE /* AlamofireHttpRequestBuilder.swift */ = {isa = PBXFileReference; fileEncoding = 4; lastKnownFileType = sourcecode.swift; path = AlamofireHttpRequestBuilder.swift; sourceTree = "<group>"; };
		185376A424C8F91800FC2FBE /* MultipartFormData+Item.swift */ = {isa = PBXFileReference; fileEncoding = 4; lastKnownFileType = sourcecode.swift; path = "MultipartFormData+Item.swift"; sourceTree = "<group>"; };
		187F797A24A5872500CFFB54 /* HttpEngineCore.framework */ = {isa = PBXFileReference; lastKnownFileType = wrapper.framework; name = HttpEngineCore.framework; path = Carthage/Build/iOS/HttpEngineCore.framework; sourceTree = "<group>"; };
		187F797B24A5872500CFFB54 /* Alamofire.framework */ = {isa = PBXFileReference; lastKnownFileType = wrapper.framework; name = Alamofire.framework; path = Carthage/Build/iOS/Alamofire.framework; sourceTree = "<group>"; };
		187F797C24A5872500CFFB54 /* Hydra.framework */ = {isa = PBXFileReference; lastKnownFileType = wrapper.framework; name = Hydra.framework; path = Carthage/Build/iOS/Hydra.framework; sourceTree = "<group>"; };
		187F797E24A5872500CFFB54 /* Cadmus.framework */ = {isa = PBXFileReference; lastKnownFileType = wrapper.framework; name = Cadmus.framework; path = Carthage/Build/iOS/Cadmus.framework; sourceTree = "<group>"; };
		187F798B24A5873400CFFB54 /* Hydra.framework */ = {isa = PBXFileReference; lastKnownFileType = wrapper.framework; name = Hydra.framework; path = Carthage/Build/watchOS/Hydra.framework; sourceTree = "<group>"; };
		187F798C24A5873400CFFB54 /* HttpEngineCore.framework */ = {isa = PBXFileReference; lastKnownFileType = wrapper.framework; name = HttpEngineCore.framework; path = Carthage/Build/watchOS/HttpEngineCore.framework; sourceTree = "<group>"; };
		187F798D24A5873400CFFB54 /* Alamofire.framework */ = {isa = PBXFileReference; lastKnownFileType = wrapper.framework; name = Alamofire.framework; path = Carthage/Build/watchOS/Alamofire.framework; sourceTree = "<group>"; };
		187F798E24A5873400CFFB54 /* Cadmus.framework */ = {isa = PBXFileReference; lastKnownFileType = wrapper.framework; name = Cadmus.framework; path = Carthage/Build/watchOS/Cadmus.framework; sourceTree = "<group>"; };
		187F799A24A5874200CFFB54 /* Alamofire.framework */ = {isa = PBXFileReference; lastKnownFileType = wrapper.framework; name = Alamofire.framework; path = Carthage/Build/tvOS/Alamofire.framework; sourceTree = "<group>"; };
		187F799C24A5874200CFFB54 /* HttpEngineCore.framework */ = {isa = PBXFileReference; lastKnownFileType = wrapper.framework; name = HttpEngineCore.framework; path = Carthage/Build/tvOS/HttpEngineCore.framework; sourceTree = "<group>"; };
		187F799D24A5874200CFFB54 /* Hydra.framework */ = {isa = PBXFileReference; lastKnownFileType = wrapper.framework; name = Hydra.framework; path = Carthage/Build/tvOS/Hydra.framework; sourceTree = "<group>"; };
		187F799E24A5874200CFFB54 /* Cadmus.framework */ = {isa = PBXFileReference; lastKnownFileType = wrapper.framework; name = Cadmus.framework; path = Carthage/Build/tvOS/Cadmus.framework; sourceTree = "<group>"; };
		187F79AA24A5875000CFFB54 /* Alamofire.framework */ = {isa = PBXFileReference; lastKnownFileType = wrapper.framework; name = Alamofire.framework; path = Carthage/Build/Mac/Alamofire.framework; sourceTree = "<group>"; };
		187F79AB24A5875000CFFB54 /* Cadmus.framework */ = {isa = PBXFileReference; lastKnownFileType = wrapper.framework; name = Cadmus.framework; path = Carthage/Build/Mac/Cadmus.framework; sourceTree = "<group>"; };
		187F79AD24A5875000CFFB54 /* Hydra.framework */ = {isa = PBXFileReference; lastKnownFileType = wrapper.framework; name = Hydra.framework; path = Carthage/Build/Mac/Hydra.framework; sourceTree = "<group>"; };
		187F79AE24A5875000CFFB54 /* HttpEngineCore.framework */ = {isa = PBXFileReference; lastKnownFileType = wrapper.framework; name = HttpEngineCore.framework; path = Carthage/Build/Mac/HttpEngineCore.framework; sourceTree = "<group>"; };
		18B0A40E2381F9B100BC0614 /* AlamofireHttpEngineKit.framework */ = {isa = PBXFileReference; explicitFileType = wrapper.framework; includeInIndex = 0; path = AlamofireHttpEngineKit.framework; sourceTree = BUILT_PRODUCTS_DIR; };
		18B0A4122381F9B100BC0614 /* Info.plist */ = {isa = PBXFileReference; lastKnownFileType = text.plist.xml; path = Info.plist; sourceTree = "<group>"; };
		18B0A4192381F9BE00BC0614 /* Package.swift */ = {isa = PBXFileReference; fileEncoding = 4; lastKnownFileType = sourcecode.swift; path = Package.swift; sourceTree = "<group>"; };
		18B0A41A2381F9BE00BC0614 /* README.md */ = {isa = PBXFileReference; fileEncoding = 4; lastKnownFileType = net.daringfireball.markdown; path = README.md; sourceTree = "<group>"; };
		18B0A43C2381FA0E00BC0614 /* AlamofireHttpEngineKit.framework */ = {isa = PBXFileReference; explicitFileType = wrapper.framework; includeInIndex = 0; path = AlamofireHttpEngineKit.framework; sourceTree = BUILT_PRODUCTS_DIR; };
/* End PBXFileReference section */

/* Begin PBXFrameworksBuildPhase section */
		18B0A40B2381F9B100BC0614 /* Frameworks */ = {
			isa = PBXFrameworksBuildPhase;
			buildActionMask = 2147483647;
			files = (
				187F798324A5872500CFFB54 /* Hydra.framework in Frameworks */,
				187F797F24A5872500CFFB54 /* HttpEngineCore.framework in Frameworks */,
				187F798124A5872500CFFB54 /* Alamofire.framework in Frameworks */,
				187F798724A5872500CFFB54 /* Cadmus.framework in Frameworks */,
			);
			runOnlyForDeploymentPostprocessing = 0;
		};
		18B0A4392381FA0E00BC0614 /* Frameworks */ = {
			isa = PBXFrameworksBuildPhase;
			buildActionMask = 2147483647;
			files = (
				187F79AF24A5875000CFFB54 /* Alamofire.framework in Frameworks */,
				187F79B724A5875000CFFB54 /* HttpEngineCore.framework in Frameworks */,
				187F79B124A5875000CFFB54 /* Cadmus.framework in Frameworks */,
				187F79B524A5875000CFFB54 /* Hydra.framework in Frameworks */,
			);
			runOnlyForDeploymentPostprocessing = 0;
		};
/* End PBXFrameworksBuildPhase section */

/* Begin PBXGroup section */
		18B0A4042381F9B100BC0614 = {
			isa = PBXGroup;
			children = (
				18B0A4192381F9BE00BC0614 /* Package.swift */,
				18B0A41A2381F9BE00BC0614 /* README.md */,
				18B0A4102381F9B100BC0614 /* AlamofireHttpEngineKit */,
				18B0A40F2381F9B100BC0614 /* Products */,
				18B0A4602381FAC600BC0614 /* Frameworks */,
			);
			sourceTree = "<group>";
		};
		18B0A40F2381F9B100BC0614 /* Products */ = {
			isa = PBXGroup;
			children = (
				18B0A40E2381F9B100BC0614 /* AlamofireHttpEngineKit.framework */,
				18B0A43C2381FA0E00BC0614 /* AlamofireHttpEngineKit.framework */,
			);
			name = Products;
			sourceTree = "<group>";
		};
		18B0A4102381F9B100BC0614 /* AlamofireHttpEngineKit */ = {
			isa = PBXGroup;
			children = (
				185376A024C8F91800FC2FBE /* AlamofireHttpEngine.swift */,
				185376A324C8F91800FC2FBE /* AlamofireHttpRequestBuilder.swift */,
				185376A124C8F91800FC2FBE /* HttpEngineConfiguration.swift */,
				185376A224C8F91800FC2FBE /* HttpService.swift */,
				1853769F24C8F91800FC2FBE /* HttpURLRequestBuilder.swift */,
				185376A424C8F91800FC2FBE /* MultipartFormData+Item.swift */,
				18B0A4122381F9B100BC0614 /* Info.plist */,
			);
			path = AlamofireHttpEngineKit;
			sourceTree = "<group>";
		};
		18B0A4602381FAC600BC0614 /* Frameworks */ = {
			isa = PBXGroup;
			children = (
				187F79AA24A5875000CFFB54 /* Alamofire.framework */,
				187F79AB24A5875000CFFB54 /* Cadmus.framework */,
				187F79AE24A5875000CFFB54 /* HttpEngineCore.framework */,
				187F79AD24A5875000CFFB54 /* Hydra.framework */,
				187F799A24A5874200CFFB54 /* Alamofire.framework */,
				187F799E24A5874200CFFB54 /* Cadmus.framework */,
				187F799C24A5874200CFFB54 /* HttpEngineCore.framework */,
				187F799D24A5874200CFFB54 /* Hydra.framework */,
				187F798D24A5873400CFFB54 /* Alamofire.framework */,
				187F798E24A5873400CFFB54 /* Cadmus.framework */,
				187F798C24A5873400CFFB54 /* HttpEngineCore.framework */,
				187F798B24A5873400CFFB54 /* Hydra.framework */,
				187F797B24A5872500CFFB54 /* Alamofire.framework */,
				187F797E24A5872500CFFB54 /* Cadmus.framework */,
				187F797A24A5872500CFFB54 /* HttpEngineCore.framework */,
				187F797C24A5872500CFFB54 /* Hydra.framework */,
			);
			name = Frameworks;
			sourceTree = "<group>";
		};
/* End PBXGroup section */

/* Begin PBXHeadersBuildPhase section */
		18B0A4092381F9B100BC0614 /* Headers */ = {
			isa = PBXHeadersBuildPhase;
			buildActionMask = 2147483647;
			files = (
			);
			runOnlyForDeploymentPostprocessing = 0;
		};
		18B0A4372381FA0E00BC0614 /* Headers */ = {
			isa = PBXHeadersBuildPhase;
			buildActionMask = 2147483647;
			files = (
			);
			runOnlyForDeploymentPostprocessing = 0;
		};
/* End PBXHeadersBuildPhase section */

/* Begin PBXNativeTarget section */
		18B0A40D2381F9B100BC0614 /* iOS */ = {
			isa = PBXNativeTarget;
			buildConfigurationList = 18B0A4162381F9B100BC0614 /* Build configuration list for PBXNativeTarget "iOS" */;
			buildPhases = (
				18B0A4092381F9B100BC0614 /* Headers */,
				18B0A40A2381F9B100BC0614 /* Sources */,
				18B0A40B2381F9B100BC0614 /* Frameworks */,
				18B0A40C2381F9B100BC0614 /* Resources */,
			);
			buildRules = (
			);
			dependencies = (
			);
			name = iOS;
			productName = AlamofireHttpEngineKit;
			productReference = 18B0A40E2381F9B100BC0614 /* AlamofireHttpEngineKit.framework */;
			productType = "com.apple.product-type.framework";
		};
		18B0A43B2381FA0E00BC0614 /* macOS */ = {
			isa = PBXNativeTarget;
			buildConfigurationList = 18B0A4412381FA0F00BC0614 /* Build configuration list for PBXNativeTarget "macOS" */;
			buildPhases = (
				18B0A4372381FA0E00BC0614 /* Headers */,
				18B0A4382381FA0E00BC0614 /* Sources */,
				18B0A4392381FA0E00BC0614 /* Frameworks */,
				18B0A43A2381FA0E00BC0614 /* Resources */,
			);
			buildRules = (
			);
			dependencies = (
			);
			name = macOS;
			productName = "AlamofireHttpEngineKit-macOS";
			productReference = 18B0A43C2381FA0E00BC0614 /* AlamofireHttpEngineKit.framework */;
			productType = "com.apple.product-type.framework";
		};
/* End PBXNativeTarget section */

/* Begin PBXProject section */
		18B0A4052381F9B100BC0614 /* Project object */ = {
			isa = PBXProject;
			attributes = {
				LastUpgradeCheck = 1120;
				ORGANIZATIONNAME = "Shane Whitehead";
				TargetAttributes = {
					18B0A40D2381F9B100BC0614 = {
						CreatedOnToolsVersion = 11.2.1;
						LastSwiftMigration = 1160;
					};
					18B0A43B2381FA0E00BC0614 = {
						CreatedOnToolsVersion = 11.2.1;
						LastSwiftMigration = 1120;
					};
				};
			};
			buildConfigurationList = 18B0A4082381F9B100BC0614 /* Build configuration list for PBXProject "AlamofireHttpEngineKit" */;
			compatibilityVersion = "Xcode 9.3";
			developmentRegion = en;
			hasScannedForEncodings = 0;
			knownRegions = (
				en,
				Base,
			);
			mainGroup = 18B0A4042381F9B100BC0614;
			productRefGroup = 18B0A40F2381F9B100BC0614 /* Products */;
			projectDirPath = "";
			projectRoot = "";
			targets = (
				18B0A40D2381F9B100BC0614 /* iOS */,
				18B0A43B2381FA0E00BC0614 /* macOS */,
			);
		};
/* End PBXProject section */

/* Begin PBXResourcesBuildPhase section */
		18B0A40C2381F9B100BC0614 /* Resources */ = {
			isa = PBXResourcesBuildPhase;
			buildActionMask = 2147483647;
			files = (
				18B0A41C2381F9BE00BC0614 /* README.md in Resources */,
			);
			runOnlyForDeploymentPostprocessing = 0;
		};
		18B0A43A2381FA0E00BC0614 /* Resources */ = {
			isa = PBXResourcesBuildPhase;
			buildActionMask = 2147483647;
			files = (
			);
			runOnlyForDeploymentPostprocessing = 0;
		};
/* End PBXResourcesBuildPhase section */

/* Begin PBXSourcesBuildPhase section */
		18B0A40A2381F9B100BC0614 /* Sources */ = {
			isa = PBXSourcesBuildPhase;
			buildActionMask = 2147483647;
			files = (
				185376A724C8F91800FC2FBE /* HttpEngineConfiguration.swift in Sources */,
				185376A824C8F91800FC2FBE /* HttpService.swift in Sources */,
				185376A624C8F91800FC2FBE /* AlamofireHttpEngine.swift in Sources */,
				185376A924C8F91800FC2FBE /* AlamofireHttpRequestBuilder.swift in Sources */,
				185376A524C8F91800FC2FBE /* HttpURLRequestBuilder.swift in Sources */,
				185376AA24C8F91800FC2FBE /* MultipartFormData+Item.swift in Sources */,
			);
			runOnlyForDeploymentPostprocessing = 0;
		};
		18B0A4382381FA0E00BC0614 /* Sources */ = {
			isa = PBXSourcesBuildPhase;
			buildActionMask = 2147483647;
			files = (
				188A29A324C8FB3800F2CC2B /* HttpURLRequestBuilder.swift in Sources */,
				188A29A124C8FB3800F2CC2B /* HttpEngineConfiguration.swift in Sources */,
				188A29A224C8FB3800F2CC2B /* HttpService.swift in Sources */,
				188A29A024C8FB3800F2CC2B /* AlamofireHttpRequestBuilder.swift in Sources */,
				188A299F24C8FB3800F2CC2B /* AlamofireHttpEngine.swift in Sources */,
				188A29A424C8FB3800F2CC2B /* MultipartFormData+Item.swift in Sources */,
			);
			runOnlyForDeploymentPostprocessing = 0;
		};
/* End PBXSourcesBuildPhase section */

/* Begin XCBuildConfiguration section */
		18B0A4142381F9B100BC0614 /* Debug */ = {
			isa = XCBuildConfiguration;
			buildSettings = {
				ALWAYS_SEARCH_USER_PATHS = NO;
				CLANG_ANALYZER_NONNULL = YES;
				CLANG_ANALYZER_NUMBER_OBJECT_CONVERSION = YES_AGGRESSIVE;
				CLANG_CXX_LANGUAGE_STANDARD = "gnu++14";
				CLANG_CXX_LIBRARY = "libc++";
				CLANG_ENABLE_MODULES = YES;
				CLANG_ENABLE_OBJC_ARC = YES;
				CLANG_ENABLE_OBJC_WEAK = YES;
				CLANG_WARN_BLOCK_CAPTURE_AUTORELEASING = YES;
				CLANG_WARN_BOOL_CONVERSION = YES;
				CLANG_WARN_COMMA = YES;
				CLANG_WARN_CONSTANT_CONVERSION = YES;
				CLANG_WARN_DEPRECATED_OBJC_IMPLEMENTATIONS = YES;
				CLANG_WARN_DIRECT_OBJC_ISA_USAGE = YES_ERROR;
				CLANG_WARN_DOCUMENTATION_COMMENTS = YES;
				CLANG_WARN_EMPTY_BODY = YES;
				CLANG_WARN_ENUM_CONVERSION = YES;
				CLANG_WARN_INFINITE_RECURSION = YES;
				CLANG_WARN_INT_CONVERSION = YES;
				CLANG_WARN_NON_LITERAL_NULL_CONVERSION = YES;
				CLANG_WARN_OBJC_IMPLICIT_RETAIN_SELF = YES;
				CLANG_WARN_OBJC_LITERAL_CONVERSION = YES;
				CLANG_WARN_OBJC_ROOT_CLASS = YES_ERROR;
				CLANG_WARN_RANGE_LOOP_ANALYSIS = YES;
				CLANG_WARN_STRICT_PROTOTYPES = YES;
				CLANG_WARN_SUSPICIOUS_MOVE = YES;
				CLANG_WARN_UNGUARDED_AVAILABILITY = YES_AGGRESSIVE;
				CLANG_WARN_UNREACHABLE_CODE = YES;
				CLANG_WARN__DUPLICATE_METHOD_MATCH = YES;
				COPY_PHASE_STRIP = NO;
				CURRENT_PROJECT_VERSION = 1;
				DEBUG_INFORMATION_FORMAT = dwarf;
				ENABLE_STRICT_OBJC_MSGSEND = YES;
				ENABLE_TESTABILITY = YES;
				GCC_C_LANGUAGE_STANDARD = gnu11;
				GCC_DYNAMIC_NO_PIC = NO;
				GCC_NO_COMMON_BLOCKS = YES;
				GCC_OPTIMIZATION_LEVEL = 0;
				GCC_PREPROCESSOR_DEFINITIONS = (
					"DEBUG=1",
					"$(inherited)",
				);
				GCC_WARN_64_TO_32_BIT_CONVERSION = YES;
				GCC_WARN_ABOUT_RETURN_TYPE = YES_ERROR;
				GCC_WARN_UNDECLARED_SELECTOR = YES;
				GCC_WARN_UNINITIALIZED_AUTOS = YES_AGGRESSIVE;
				GCC_WARN_UNUSED_FUNCTION = YES;
				GCC_WARN_UNUSED_VARIABLE = YES;
				IPHONEOS_DEPLOYMENT_TARGET = 13.2;
				MTL_ENABLE_DEBUG_INFO = INCLUDE_SOURCE;
				MTL_FAST_MATH = YES;
				ONLY_ACTIVE_ARCH = YES;
				SDKROOT = iphoneos;
				SWIFT_ACTIVE_COMPILATION_CONDITIONS = DEBUG;
				SWIFT_OPTIMIZATION_LEVEL = "-Onone";
				VERSIONING_SYSTEM = "apple-generic";
				VERSION_INFO_PREFIX = "";
			};
			name = Debug;
		};
		18B0A4152381F9B100BC0614 /* Release */ = {
			isa = XCBuildConfiguration;
			buildSettings = {
				ALWAYS_SEARCH_USER_PATHS = NO;
				CLANG_ANALYZER_NONNULL = YES;
				CLANG_ANALYZER_NUMBER_OBJECT_CONVERSION = YES_AGGRESSIVE;
				CLANG_CXX_LANGUAGE_STANDARD = "gnu++14";
				CLANG_CXX_LIBRARY = "libc++";
				CLANG_ENABLE_MODULES = YES;
				CLANG_ENABLE_OBJC_ARC = YES;
				CLANG_ENABLE_OBJC_WEAK = YES;
				CLANG_WARN_BLOCK_CAPTURE_AUTORELEASING = YES;
				CLANG_WARN_BOOL_CONVERSION = YES;
				CLANG_WARN_COMMA = YES;
				CLANG_WARN_CONSTANT_CONVERSION = YES;
				CLANG_WARN_DEPRECATED_OBJC_IMPLEMENTATIONS = YES;
				CLANG_WARN_DIRECT_OBJC_ISA_USAGE = YES_ERROR;
				CLANG_WARN_DOCUMENTATION_COMMENTS = YES;
				CLANG_WARN_EMPTY_BODY = YES;
				CLANG_WARN_ENUM_CONVERSION = YES;
				CLANG_WARN_INFINITE_RECURSION = YES;
				CLANG_WARN_INT_CONVERSION = YES;
				CLANG_WARN_NON_LITERAL_NULL_CONVERSION = YES;
				CLANG_WARN_OBJC_IMPLICIT_RETAIN_SELF = YES;
				CLANG_WARN_OBJC_LITERAL_CONVERSION = YES;
				CLANG_WARN_OBJC_ROOT_CLASS = YES_ERROR;
				CLANG_WARN_RANGE_LOOP_ANALYSIS = YES;
				CLANG_WARN_STRICT_PROTOTYPES = YES;
				CLANG_WARN_SUSPICIOUS_MOVE = YES;
				CLANG_WARN_UNGUARDED_AVAILABILITY = YES_AGGRESSIVE;
				CLANG_WARN_UNREACHABLE_CODE = YES;
				CLANG_WARN__DUPLICATE_METHOD_MATCH = YES;
				COPY_PHASE_STRIP = NO;
				CURRENT_PROJECT_VERSION = 1;
				DEBUG_INFORMATION_FORMAT = "dwarf-with-dsym";
				ENABLE_NS_ASSERTIONS = NO;
				ENABLE_STRICT_OBJC_MSGSEND = YES;
				GCC_C_LANGUAGE_STANDARD = gnu11;
				GCC_NO_COMMON_BLOCKS = YES;
				GCC_WARN_64_TO_32_BIT_CONVERSION = YES;
				GCC_WARN_ABOUT_RETURN_TYPE = YES_ERROR;
				GCC_WARN_UNDECLARED_SELECTOR = YES;
				GCC_WARN_UNINITIALIZED_AUTOS = YES_AGGRESSIVE;
				GCC_WARN_UNUSED_FUNCTION = YES;
				GCC_WARN_UNUSED_VARIABLE = YES;
				IPHONEOS_DEPLOYMENT_TARGET = 13.2;
				MTL_ENABLE_DEBUG_INFO = NO;
				MTL_FAST_MATH = YES;
				SDKROOT = iphoneos;
				SWIFT_COMPILATION_MODE = wholemodule;
				SWIFT_OPTIMIZATION_LEVEL = "-O";
				VALIDATE_PRODUCT = YES;
				VERSIONING_SYSTEM = "apple-generic";
				VERSION_INFO_PREFIX = "";
			};
			name = Release;
		};
		18B0A4172381F9B100BC0614 /* Debug */ = {
			isa = XCBuildConfiguration;
			buildSettings = {
				CLANG_ENABLE_MODULES = YES;
				CODE_SIGN_STYLE = Automatic;
				DEFINES_MODULE = YES;
				DEVELOPMENT_TEAM = YWXH886EY3;
				DYLIB_COMPATIBILITY_VERSION = 1;
				DYLIB_CURRENT_VERSION = 1;
				DYLIB_INSTALL_NAME_BASE = "@rpath";
				FRAMEWORK_SEARCH_PATHS = (
					"$(inherited)",
					"$(PROJECT_DIR)/Carthage/Build/iOS",
				);
				INFOPLIST_FILE = AlamofireHttpEngineKit/Info.plist;
				INSTALL_PATH = "$(LOCAL_LIBRARY_DIR)/Frameworks";
				IPHONEOS_DEPLOYMENT_TARGET = 11.0;
				LD_RUNPATH_SEARCH_PATHS = (
					"$(inherited)",
					"@executable_path/Frameworks",
					"@loader_path/Frameworks",
				);
				PRODUCT_BUNDLE_IDENTIFIER = "org.kaizen.AlamofireHttpEngineKit-iOS";
				PRODUCT_NAME = AlamofireHttpEngineKit;
				SKIP_INSTALL = YES;
				SUPPORTS_MACCATALYST = NO;
				SWIFT_OPTIMIZATION_LEVEL = "-Onone";
				SWIFT_VERSION = 5.0;
				TARGETED_DEVICE_FAMILY = "1,2";
			};
			name = Debug;
		};
		18B0A4182381F9B100BC0614 /* Release */ = {
			isa = XCBuildConfiguration;
			buildSettings = {
				CLANG_ENABLE_MODULES = YES;
				CODE_SIGN_STYLE = Automatic;
				DEFINES_MODULE = YES;
				DEVELOPMENT_TEAM = YWXH886EY3;
				DYLIB_COMPATIBILITY_VERSION = 1;
				DYLIB_CURRENT_VERSION = 1;
				DYLIB_INSTALL_NAME_BASE = "@rpath";
				FRAMEWORK_SEARCH_PATHS = (
					"$(inherited)",
					"$(PROJECT_DIR)/Carthage/Build/iOS",
				);
				INFOPLIST_FILE = AlamofireHttpEngineKit/Info.plist;
				INSTALL_PATH = "$(LOCAL_LIBRARY_DIR)/Frameworks";
				IPHONEOS_DEPLOYMENT_TARGET = 11.0;
				LD_RUNPATH_SEARCH_PATHS = (
					"$(inherited)",
					"@executable_path/Frameworks",
					"@loader_path/Frameworks",
				);
				PRODUCT_BUNDLE_IDENTIFIER = "org.kaizen.AlamofireHttpEngineKit-iOS";
				PRODUCT_NAME = AlamofireHttpEngineKit;
				SKIP_INSTALL = YES;
				SUPPORTS_MACCATALYST = NO;
				SWIFT_VERSION = 5.0;
				TARGETED_DEVICE_FAMILY = "1,2";
			};
			name = Release;
		};
		18B0A4422381FA0F00BC0614 /* Debug */ = {
			isa = XCBuildConfiguration;
			buildSettings = {
				CLANG_ENABLE_MODULES = YES;
				CODE_SIGN_STYLE = Automatic;
				COMBINE_HIDPI_IMAGES = YES;
				DEFINES_MODULE = YES;
				DEVELOPMENT_TEAM = YWXH886EY3;
				DYLIB_COMPATIBILITY_VERSION = 1;
				DYLIB_CURRENT_VERSION = 1;
				DYLIB_INSTALL_NAME_BASE = "@rpath";
				FRAMEWORK_SEARCH_PATHS = (
					"$(inherited)",
					"$(PROJECT_DIR)/Carthage/Build/Mac",
				);
				INFOPLIST_FILE = AlamofireHttpEngineKit/Info.plist;
				INSTALL_PATH = "$(LOCAL_LIBRARY_DIR)/Frameworks";
				LD_RUNPATH_SEARCH_PATHS = (
					"$(inherited)",
					"@executable_path/../Frameworks",
					"@loader_path/Frameworks",
				);
				MACOSX_DEPLOYMENT_TARGET = 10.15;
				PRODUCT_BUNDLE_IDENTIFIER = "org.kaizen.AlamofireHttpEngineKit-macOS";
				PRODUCT_NAME = AlamofireHttpEngineKit;
				SDKROOT = macosx;
				SKIP_INSTALL = YES;
				SWIFT_OPTIMIZATION_LEVEL = "-Onone";
				SWIFT_VERSION = 5.0;
			};
			name = Debug;
		};
		18B0A4432381FA0F00BC0614 /* Release */ = {
			isa = XCBuildConfiguration;
			buildSettings = {
				CLANG_ENABLE_MODULES = YES;
				CODE_SIGN_STYLE = Automatic;
				COMBINE_HIDPI_IMAGES = YES;
				DEFINES_MODULE = YES;
				DEVELOPMENT_TEAM = YWXH886EY3;
				DYLIB_COMPATIBILITY_VERSION = 1;
				DYLIB_CURRENT_VERSION = 1;
				DYLIB_INSTALL_NAME_BASE = "@rpath";
				FRAMEWORK_SEARCH_PATHS = (
					"$(inherited)",
					"$(PROJECT_DIR)/Carthage/Build/Mac",
				);
				INFOPLIST_FILE = AlamofireHttpEngineKit/Info.plist;
				INSTALL_PATH = "$(LOCAL_LIBRARY_DIR)/Frameworks";
				LD_RUNPATH_SEARCH_PATHS = (
					"$(inherited)",
					"@executable_path/../Frameworks",
					"@loader_path/Frameworks",
				);
				MACOSX_DEPLOYMENT_TARGET = 10.15;
				PRODUCT_BUNDLE_IDENTIFIER = "org.kaizen.AlamofireHttpEngineKit-macOS";
				PRODUCT_NAME = AlamofireHttpEngineKit;
				SDKROOT = macosx;
				SKIP_INSTALL = YES;
				SWIFT_VERSION = 5.0;
			};
			name = Release;
		};
/* End XCBuildConfiguration section */

/* Begin XCConfigurationList section */
		18B0A4082381F9B100BC0614 /* Build configuration list for PBXProject "AlamofireHttpEngineKit" */ = {
			isa = XCConfigurationList;
			buildConfigurations = (
				18B0A4142381F9B100BC0614 /* Debug */,
				18B0A4152381F9B100BC0614 /* Release */,
			);
			defaultConfigurationIsVisible = 0;
			defaultConfigurationName = Release;
		};
		18B0A4162381F9B100BC0614 /* Build configuration list for PBXNativeTarget "iOS" */ = {
			isa = XCConfigurationList;
			buildConfigurations = (
				18B0A4172381F9B100BC0614 /* Debug */,
				18B0A4182381F9B100BC0614 /* Release */,
			);
			defaultConfigurationIsVisible = 0;
			defaultConfigurationName = Release;
		};
		18B0A4412381FA0F00BC0614 /* Build configuration list for PBXNativeTarget "macOS" */ = {
			isa = XCConfigurationList;
			buildConfigurations = (
				18B0A4422381FA0F00BC0614 /* Debug */,
				18B0A4432381FA0F00BC0614 /* Release */,
			);
			defaultConfigurationIsVisible = 0;
			defaultConfigurationName = Release;
		};
/* End XCConfigurationList section */
	};
	rootObject = 18B0A4052381F9B100BC0614 /* Project object */;
}
